
Microsoft Visual Studio Solution File, Format Version 12.00
# Visual Studio Version 17
VisualStudioVersion = 17.9.34622.214
MinimumVisualStudioVersion = 10.0.40219.1
Project("{9A19103F-16F7-4668-BE54-9A1E7A4F7556}") = "PasswordSystem.API", "PasswordSystem.API\PasswordSystem.API.csproj", "{F4143C79-0C18-4A84-85C5-AFDA15C50FC9}"
EndProject
Project("{2150E333-8FDC-42A3-9474-1A3956D46DE8}") = "BL", "BL", "{9947F1E8-388A-4D61-BB15-B845C04F1C64}"
EndProject
Project("{2150E333-8FDC-42A3-9474-1A3956D46DE8}") = "DAL", "DAL", "{DC81CC32-7439-42D0-A08B-8109CA2D9ED5}"
EndProject
Project("{FAE04EC0-301F-11D3-BF4B-00C04F79EFBC}") = "BL.Interfaces", "BL\BL.Interfaces\BL.Interfaces.csproj", "{CEE16F9E-347F-44E5-976C-FFF9A27ACAB8}"
EndProject
Project("{FAE04EC0-301F-11D3-BF4B-00C04F79EFBC}") = "BL.Standard", "BL\BL.Standard\BL.Standard.csproj", "{B5329961-51CC-4B10-8EC1-629A6FA59584}"
EndProject
Project("{FAE04EC0-301F-11D3-BF4B-00C04F79EFBC}") = "DAL.DbModels", "DAL\DAL.DbModels\DAL.DbModels.csproj", "{80CF3F24-9B12-41BC-894D-D5324DA96E8C}"
EndProject
Project("{FAE04EC0-301F-11D3-BF4B-00C04F79EFBC}") = "DAL.Interfaces", "DAL\DAL.Interfaces\DAL.Interfaces.csproj", "{9CA63DF8-9E58-477C-B5D9-434EAE7B8693}"
EndProject
Project("{FAE04EC0-301F-11D3-BF4B-00C04F79EFBC}") = "DAL.SQL", "DAL\DAL.SQL\DAL.SQL.csproj", "{686824D5-A89D-4489-AC96-B8D82C2F84E6}"
EndProject
Project("{FAE04EC0-301F-11D3-BF4B-00C04F79EFBC}") = "Entities", "Entities\Entities.csproj", "{F4655EB7-40D0-426F-872F-9D72AB151683}"
EndProject
Project("{9A19103F-16F7-4668-BE54-9A1E7A4F7556}") = "Common", "Common\Common.csproj", "{C9C09FFB-21E4-4DAF-8204-73EF7C171A5A}"
EndProject
Global
	GlobalSection(SolutionConfigurationPlatforms) = preSolution
		Debug|Any CPU = Debug|Any CPU
		Release|Any CPU = Release|Any CPU
	EndGlobalSection
	GlobalSection(ProjectConfigurationPlatforms) = postSolution
		{F4143C79-0C18-4A84-85C5-AFDA15C50FC9}.Debug|Any CPU.ActiveCfg = Debug|Any CPU
		{F4143C79-0C18-4A84-85C5-AFDA15C50FC9}.Debug|Any CPU.Build.0 = Debug|Any CPU
		{F4143C79-0C18-4A84-85C5-AFDA15C50FC9}.Release|Any CPU.ActiveCfg = Release|Any CPU
		{F4143C79-0C18-4A84-85C5-AFDA15C50FC9}.Release|Any CPU.Build.0 = Release|Any CPU
		{CEE16F9E-347F-44E5-976C-FFF9A27ACAB8}.Debug|Any CPU.ActiveCfg = Debug|Any CPU
		{CEE16F9E-347F-44E5-976C-FFF9A27ACAB8}.Debug|Any CPU.Build.0 = Debug|Any CPU
		{CEE16F9E-347F-44E5-976C-FFF9A27ACAB8}.Release|Any CPU.ActiveCfg = Release|Any CPU
		{CEE16F9E-347F-44E5-976C-FFF9A27ACAB8}.Release|Any CPU.Build.0 = Release|Any CPU
		{B5329961-51CC-4B10-8EC1-629A6FA59584}.Debug|Any CPU.ActiveCfg = Debug|Any CPU
		{B5329961-51CC-4B10-8EC1-629A6FA59584}.Debug|Any CPU.Build.0 = Debug|Any CPU
		{B5329961-51CC-4B10-8EC1-629A6FA59584}.Release|Any CPU.ActiveCfg = Release|Any CPU
		{B5329961-51CC-4B10-8EC1-629A6FA59584}.Release|Any CPU.Build.0 = Release|Any CPU
		{80CF3F24-9B12-41BC-894D-D5324DA96E8C}.Debug|Any CPU.ActiveCfg = Debug|Any CPU
		{80CF3F24-9B12-41BC-894D-D5324DA96E8C}.Debug|Any CPU.Build.0 = Debug|Any CPU
		{80CF3F24-9B12-41BC-894D-D5324DA96E8C}.Release|Any CPU.ActiveCfg = Release|Any CPU
		{80CF3F24-9B12-41BC-894D-D5324DA96E8C}.Release|Any CPU.Build.0 = Release|Any CPU
		{9CA63DF8-9E58-477C-B5D9-434EAE7B8693}.Debug|Any CPU.ActiveCfg = Debug|Any CPU
		{9CA63DF8-9E58-477C-B5D9-434EAE7B8693}.Debug|Any CPU.Build.0 = Debug|Any CPU
		{9CA63DF8-9E58-477C-B5D9-434EAE7B8693}.Release|Any CPU.ActiveCfg = Release|Any CPU
		{9CA63DF8-9E58-477C-B5D9-434EAE7B8693}.Release|Any CPU.Build.0 = Release|Any CPU
		{686824D5-A89D-4489-AC96-B8D82C2F84E6}.Debug|Any CPU.ActiveCfg = Debug|Any CPU
		{686824D5-A89D-4489-AC96-B8D82C2F84E6}.Debug|Any CPU.Build.0 = Debug|Any CPU
		{686824D5-A89D-4489-AC96-B8D82C2F84E6}.Release|Any CPU.ActiveCfg = Release|Any CPU
		{686824D5-A89D-4489-AC96-B8D82C2F84E6}.Release|Any CPU.Build.0 = Release|Any CPU
		{F4655EB7-40D0-426F-872F-9D72AB151683}.Debug|Any CPU.ActiveCfg = Debug|Any CPU
		{F4655EB7-40D0-426F-872F-9D72AB151683}.Debug|Any CPU.Build.0 = Debug|Any CPU
		{F4655EB7-40D0-426F-872F-9D72AB151683}.Release|Any CPU.ActiveCfg = Release|Any CPU
		{F4655EB7-40D0-426F-872F-9D72AB151683}.Release|Any CPU.Build.0 = Release|Any CPU
		{C9C09FFB-21E4-4DAF-8204-73EF7C171A5A}.Debug|Any CPU.ActiveCfg = Debug|Any CPU
		{C9C09FFB-21E4-4DAF-8204-73EF7C171A5A}.Debug|Any CPU.Build.0 = Debug|Any CPU
		{C9C09FFB-21E4-4DAF-8204-73EF7C171A5A}.Release|Any CPU.ActiveCfg = Release|Any CPU
		{C9C09FFB-21E4-4DAF-8204-73EF7C171A5A}.Release|Any CPU.Build.0 = Release|Any CPU
	EndGlobalSection
	GlobalSection(SolutionProperties) = preSolution
		HideSolutionNode = FALSE
	EndGlobalSection
	GlobalSection(NestedProjects) = preSolution
		{CEE16F9E-347F-44E5-976C-FFF9A27ACAB8} = {9947F1E8-388A-4D61-BB15-B845C04F1C64}
		{B5329961-51CC-4B10-8EC1-629A6FA59584} = {9947F1E8-388A-4D61-BB15-B845C04F1C64}
		{80CF3F24-9B12-41BC-894D-D5324DA96E8C} = {DC81CC32-7439-42D0-A08B-8109CA2D9ED5}
		{9CA63DF8-9E58-477C-B5D9-434EAE7B8693} = {DC81CC32-7439-42D0-A08B-8109CA2D9ED5}
		{686824D5-A89D-4489-AC96-B8D82C2F84E6} = {DC81CC32-7439-42D0-A08B-8109CA2D9ED5}
	EndGlobalSection
	GlobalSection(ExtensibilityGlobals) = postSolution
		SolutionGuid = {493CCD9E-B8A4-489F-BDAC-DE43E56CCB88}
	EndGlobalSection
EndGlobal
